<?xml version="1.0" encoding="utf-8"?>
<Project ToolsVersion="4.0" xmlns="http://schemas.microsoft.com/developer/msbuild/2003">
  <ItemGroup>
    <ClCompile Include="ImageHelper.cpp">
      <Filter>Sources</Filter>
    </ClCompile>
    <ClCompile Include="AssemblyInfo.cpp">
      <Filter>Sources</Filter>
    </ClCompile>
    <ClCompile Include="Stdafx.cpp">
      <Filter>Sources</Filter>
    </ClCompile>
    <ClCompile Include="Waifu2xNET.cpp">
      <Filter>Sources</Filter>
    </ClCompile>
    <ClCompile Include="Processor.cpp">
      <Filter>Sources</Filter>
    </ClCompile>
  </ItemGroup>
  <ItemGroup>
    <ClInclude Include="ImageHelper.hpp">
      <Filter>Headers</Filter>
    </ClInclude>
    <ClInclude Include="resource.hpp">
      <Filter>Headers</Filter>
    </ClInclude>
    <ClInclude Include="Stdafx.hpp">
      <Filter>Headers</Filter>
    </ClInclude>
    <ClInclude Include="Waifu2xNET.hpp">
      <Filter>Headers</Filter>
    </ClInclude>
    <ClInclude Include="Processor.hpp">
      <Filter>Headers</Filter>
    </ClInclude>
  </ItemGroup>
  <ItemGroup>
    <Text Include="ReadMe.txt" />
  </ItemGroup>
  <ItemGroup>
    <Filter Include="Sources">
      <UniqueIdentifier>{e2480dd6-125f-4944-94ed-6c2f488e99d8}</UniqueIdentifier>
    </Filter>
    <Filter Include="Headers">
      <UniqueIdentifier>{6ab9cb74-43db-46da-be3c-7ef0060c559d}</UniqueIdentifier>
    </Filter>
    <Filter Include="Resources">
      <UniqueIdentifier>{9b640b94-fe88-4102-9697-bdaa5c842e33}</UniqueIdentifier>
    </Filter>
  </ItemGroup>
  <ItemGroup>
    <ResourceCompile Include="app.rc">
      <Filter>Resources</Filter>
    </ResourceCompile>
  </ItemGroup>
  <ItemGroup>
    <Image Include="app.ico">
      <Filter>Resources</Filter>
    </Image>
  </ItemGroup>
</Project>